// !$*UTF8*$!
{
	archiveVersion = 1;
	classes = {
	};
	objectVersion = 56;
	objects = {

/* Begin PBXBuildFile section */
		3738E12529D024FE00FB1B21 /* UIViewController+Ext.swift in Sources */ = {isa = PBXBuildFile; fileRef = 3738E12429D024FE00FB1B21 /* UIViewController+Ext.swift */; };
		3738E12729D033F300FB1B21 /* NavigationControllerFactory.swift in Sources */ = {isa = PBXBuildFile; fileRef = 3738E12629D033F300FB1B21 /* NavigationControllerFactory.swift */; };
		3754A13929D189A100AEFBD5 /* HabitCell.swift in Sources */ = {isa = PBXBuildFile; fileRef = 3754A13829D189A100AEFBD5 /* HabitCell.swift */; };
		3754A13B29D18A9500AEFBD5 /* CustomHeaderLabel.swift in Sources */ = {isa = PBXBuildFile; fileRef = 3754A13A29D18A9500AEFBD5 /* CustomHeaderLabel.swift */; };
		3759225429CF7362004538BA /* TrackerSelectionViewController.swift in Sources */ = {isa = PBXBuildFile; fileRef = 3759225329CF7362004538BA /* TrackerSelectionViewController.swift */; };
		37784D8929CF289600505FFC /* ModulesFactory.swift in Sources */ = {isa = PBXBuildFile; fileRef = 37784D8829CF289600505FFC /* ModulesFactory.swift */; };
		37784D8C29CF2B5D00505FFC /* TrackerCoordinator.swift in Sources */ = {isa = PBXBuildFile; fileRef = 37784D8B29CF2B5D00505FFC /* TrackerCoordinator.swift */; };
		37784D8F29CF2C4000505FFC /* StatisticsCoordinator.swift in Sources */ = {isa = PBXBuildFile; fileRef = 37784D8E29CF2C4000505FFC /* StatisticsCoordinator.swift */; };
		37784D9129CF3A6C00505FFC /* Tracker.swift in Sources */ = {isa = PBXBuildFile; fileRef = 37784D9029CF3A6C00505FFC /* Tracker.swift */; };
		37784D9329CF3A7500505FFC /* TrackerCategory.swift in Sources */ = {isa = PBXBuildFile; fileRef = 37784D9229CF3A7500505FFC /* TrackerCategory.swift */; };
		37784D9529CF3A8000505FFC /* TrackerRecord.swift in Sources */ = {isa = PBXBuildFile; fileRef = 37784D9429CF3A8000505FFC /* TrackerRecord.swift */; };
		37784DA229CF4BD300505FFC /* YandexSansDisplay-Bold.ttf in Resources */ = {isa = PBXBuildFile; fileRef = 37784DA129CF4BD300505FFC /* YandexSansDisplay-Bold.ttf */; };
		37784DA429CF4BEA00505FFC /* YandexSansDisplay-Regular.ttf in Resources */ = {isa = PBXBuildFile; fileRef = 37784DA329CF4BEA00505FFC /* YandexSansDisplay-Regular.ttf */; };
		37784DA629CF4BF500505FFC /* YandexSansText-Medium.ttf in Resources */ = {isa = PBXBuildFile; fileRef = 37784DA529CF4BF500505FFC /* YandexSansText-Medium.ttf */; };
		37784DA829CF4C4900505FFC /* CustomFonts.swift in Sources */ = {isa = PBXBuildFile; fileRef = 37784DA729CF4C4900505FFC /* CustomFonts.swift */; };
		37784DAA29CF4D5400505FFC /* MainTabBarItem.swift in Sources */ = {isa = PBXBuildFile; fileRef = 37784DA929CF4D5400505FFC /* MainTabBarItem.swift */; };
		378440A429D0B28F001AE972 /* CustomActionButton.swift in Sources */ = {isa = PBXBuildFile; fileRef = 378440A329D0B28F001AE972 /* CustomActionButton.swift */; };
		378440A729D0BA63001AE972 /* Constants.swift in Sources */ = {isa = PBXBuildFile; fileRef = 378440A629D0BA63001AE972 /* Constants.swift */; };
		378440A929D0BCD6001AE972 /* TrackerHabitViewController.swift in Sources */ = {isa = PBXBuildFile; fileRef = 378440A829D0BCD6001AE972 /* TrackerHabitViewController.swift */; };
		378440AB29D0BCE5001AE972 /* TrackerSingleEventViewController.swift in Sources */ = {isa = PBXBuildFile; fileRef = 378440AA29D0BCE5001AE972 /* TrackerSingleEventViewController.swift */; };
		378440B329D0D4DB001AE972 /* CustomDismissButton.swift in Sources */ = {isa = PBXBuildFile; fileRef = 378440B229D0D4DA001AE972 /* CustomDismissButton.swift */; };
		37C7E6A429CDBA54002027E3 /* MainCoordinator.swift in Sources */ = {isa = PBXBuildFile; fileRef = 37C7E6A329CDBA54002027E3 /* MainCoordinator.swift */; };
		37C7E6A729CDBE69002027E3 /* MainTabBarController.swift in Sources */ = {isa = PBXBuildFile; fileRef = 37C7E6A629CDBE69002027E3 /* MainTabBarController.swift */; };
		37C7E6A929CDC326002027E3 /* UIColor+Ext.swift in Sources */ = {isa = PBXBuildFile; fileRef = 37C7E6A829CDC326002027E3 /* UIColor+Ext.swift */; };
		37C7E6AB29CDC434002027E3 /* SplashViewController.swift in Sources */ = {isa = PBXBuildFile; fileRef = 37C7E6AA29CDC434002027E3 /* SplashViewController.swift */; };
		37C7E6AE29CDC8C9002027E3 /* CoordinatorFactory.swift in Sources */ = {isa = PBXBuildFile; fileRef = 37C7E6AD29CDC8C9002027E3 /* CoordinatorFactory.swift */; };
		37C7E6B229CDDA64002027E3 /* Router.swift in Sources */ = {isa = PBXBuildFile; fileRef = 37C7E6B129CDDA64002027E3 /* Router.swift */; };
		37C7E6B629CDDF56002027E3 /* SplashScreenCoordinator.swift in Sources */ = {isa = PBXBuildFile; fileRef = 37C7E6B529CDDF56002027E3 /* SplashScreenCoordinator.swift */; };
		37C7E6B929CDE593002027E3 /* MainScreenCoordinator.swift in Sources */ = {isa = PBXBuildFile; fileRef = 37C7E6B829CDE593002027E3 /* MainScreenCoordinator.swift */; };
		37FB4AEB29CEF39A00EFD7D7 /* StatisticsViewController.swift in Sources */ = {isa = PBXBuildFile; fileRef = 37FB4AEA29CEF39A00EFD7D7 /* StatisticsViewController.swift */; };
		37FD82EA29CCAC7300EA9128 /* AppDelegate.swift in Sources */ = {isa = PBXBuildFile; fileRef = 37FD82E929CCAC7300EA9128 /* AppDelegate.swift */; };
		37FD82EC29CCAC7300EA9128 /* SceneDelegate.swift in Sources */ = {isa = PBXBuildFile; fileRef = 37FD82EB29CCAC7300EA9128 /* SceneDelegate.swift */; };
		37FD82EE29CCAC7300EA9128 /* TrackersViewController.swift in Sources */ = {isa = PBXBuildFile; fileRef = 37FD82ED29CCAC7300EA9128 /* TrackersViewController.swift */; };
		37FD82F329CCAC7400EA9128 /* Assets.xcassets in Resources */ = {isa = PBXBuildFile; fileRef = 37FD82F229CCAC7400EA9128 /* Assets.xcassets */; };
		37FD830329CCB6B600EA9128 /* FirstCollectionViewCell.swift in Sources */ = {isa = PBXBuildFile; fileRef = 37FD830229CCB6B600EA9128 /* FirstCollectionViewCell.swift */; };
		37FD830729CCB70800EA9128 /* ReuseIdentifier+Ext.swift in Sources */ = {isa = PBXBuildFile; fileRef = 37FD830629CCB70800EA9128 /* ReuseIdentifier+Ext.swift */; };
/* End PBXBuildFile section */

/* Begin PBXFileReference section */
		3738E12429D024FE00FB1B21 /* UIViewController+Ext.swift */ = {isa = PBXFileReference; lastKnownFileType = sourcecode.swift; path = "UIViewController+Ext.swift"; sourceTree = "<group>"; };
		3738E12629D033F300FB1B21 /* NavigationControllerFactory.swift */ = {isa = PBXFileReference; lastKnownFileType = sourcecode.swift; path = NavigationControllerFactory.swift; sourceTree = "<group>"; };
		3754A13829D189A100AEFBD5 /* HabitCell.swift */ = {isa = PBXFileReference; lastKnownFileType = sourcecode.swift; path = HabitCell.swift; sourceTree = "<group>"; };
		3754A13A29D18A9500AEFBD5 /* CustomHeaderLabel.swift */ = {isa = PBXFileReference; lastKnownFileType = sourcecode.swift; path = CustomHeaderLabel.swift; sourceTree = "<group>"; };
		3759225329CF7362004538BA /* TrackerSelectionViewController.swift */ = {isa = PBXFileReference; lastKnownFileType = sourcecode.swift; path = TrackerSelectionViewController.swift; sourceTree = "<group>"; };
		37784D8829CF289600505FFC /* ModulesFactory.swift */ = {isa = PBXFileReference; lastKnownFileType = sourcecode.swift; path = ModulesFactory.swift; sourceTree = "<group>"; };
		37784D8B29CF2B5D00505FFC /* TrackerCoordinator.swift */ = {isa = PBXFileReference; lastKnownFileType = sourcecode.swift; path = TrackerCoordinator.swift; sourceTree = "<group>"; };
		37784D8E29CF2C4000505FFC /* StatisticsCoordinator.swift */ = {isa = PBXFileReference; lastKnownFileType = sourcecode.swift; path = StatisticsCoordinator.swift; sourceTree = "<group>"; };
		37784D9029CF3A6C00505FFC /* Tracker.swift */ = {isa = PBXFileReference; lastKnownFileType = sourcecode.swift; path = Tracker.swift; sourceTree = "<group>"; };
		37784D9229CF3A7500505FFC /* TrackerCategory.swift */ = {isa = PBXFileReference; lastKnownFileType = sourcecode.swift; path = TrackerCategory.swift; sourceTree = "<group>"; };
		37784D9429CF3A8000505FFC /* TrackerRecord.swift */ = {isa = PBXFileReference; lastKnownFileType = sourcecode.swift; path = TrackerRecord.swift; sourceTree = "<group>"; };
		37784DA129CF4BD300505FFC /* YandexSansDisplay-Bold.ttf */ = {isa = PBXFileReference; lastKnownFileType = file; path = "YandexSansDisplay-Bold.ttf"; sourceTree = "<group>"; };
		37784DA329CF4BEA00505FFC /* YandexSansDisplay-Regular.ttf */ = {isa = PBXFileReference; lastKnownFileType = file; path = "YandexSansDisplay-Regular.ttf"; sourceTree = "<group>"; };
		37784DA529CF4BF500505FFC /* YandexSansText-Medium.ttf */ = {isa = PBXFileReference; lastKnownFileType = file; path = "YandexSansText-Medium.ttf"; sourceTree = "<group>"; };
		37784DA729CF4C4900505FFC /* CustomFonts.swift */ = {isa = PBXFileReference; lastKnownFileType = sourcecode.swift; path = CustomFonts.swift; sourceTree = "<group>"; };
		37784DA929CF4D5400505FFC /* MainTabBarItem.swift */ = {isa = PBXFileReference; lastKnownFileType = sourcecode.swift; path = MainTabBarItem.swift; sourceTree = "<group>"; };
		378440A329D0B28F001AE972 /* CustomActionButton.swift */ = {isa = PBXFileReference; lastKnownFileType = sourcecode.swift; path = CustomActionButton.swift; sourceTree = "<group>"; };
		378440A629D0BA63001AE972 /* Constants.swift */ = {isa = PBXFileReference; lastKnownFileType = sourcecode.swift; path = Constants.swift; sourceTree = "<group>"; };
		378440A829D0BCD6001AE972 /* TrackerHabitViewController.swift */ = {isa = PBXFileReference; lastKnownFileType = sourcecode.swift; path = TrackerHabitViewController.swift; sourceTree = "<group>"; };
		378440AA29D0BCE5001AE972 /* TrackerSingleEventViewController.swift */ = {isa = PBXFileReference; lastKnownFileType = sourcecode.swift; path = TrackerSingleEventViewController.swift; sourceTree = "<group>"; };
		378440B229D0D4DA001AE972 /* CustomDismissButton.swift */ = {isa = PBXFileReference; lastKnownFileType = sourcecode.swift; path = CustomDismissButton.swift; sourceTree = "<group>"; };
		37C7E6A329CDBA54002027E3 /* MainCoordinator.swift */ = {isa = PBXFileReference; lastKnownFileType = sourcecode.swift; path = MainCoordinator.swift; sourceTree = "<group>"; };
		37C7E6A629CDBE69002027E3 /* MainTabBarController.swift */ = {isa = PBXFileReference; lastKnownFileType = sourcecode.swift; path = MainTabBarController.swift; sourceTree = "<group>"; };
		37C7E6A829CDC326002027E3 /* UIColor+Ext.swift */ = {isa = PBXFileReference; lastKnownFileType = sourcecode.swift; path = "UIColor+Ext.swift"; sourceTree = "<group>"; };
		37C7E6AA29CDC434002027E3 /* SplashViewController.swift */ = {isa = PBXFileReference; lastKnownFileType = sourcecode.swift; path = SplashViewController.swift; sourceTree = "<group>"; };
		37C7E6AD29CDC8C9002027E3 /* CoordinatorFactory.swift */ = {isa = PBXFileReference; lastKnownFileType = sourcecode.swift; path = CoordinatorFactory.swift; sourceTree = "<group>"; };
		37C7E6B129CDDA64002027E3 /* Router.swift */ = {isa = PBXFileReference; lastKnownFileType = sourcecode.swift; path = Router.swift; sourceTree = "<group>"; };
		37C7E6B529CDDF56002027E3 /* SplashScreenCoordinator.swift */ = {isa = PBXFileReference; lastKnownFileType = sourcecode.swift; path = SplashScreenCoordinator.swift; sourceTree = "<group>"; };
		37C7E6B829CDE593002027E3 /* MainScreenCoordinator.swift */ = {isa = PBXFileReference; lastKnownFileType = sourcecode.swift; path = MainScreenCoordinator.swift; sourceTree = "<group>"; };
		37FB4AEA29CEF39A00EFD7D7 /* StatisticsViewController.swift */ = {isa = PBXFileReference; lastKnownFileType = sourcecode.swift; path = StatisticsViewController.swift; sourceTree = "<group>"; };
		37FD82E629CCAC7300EA9128 /* Tracker.app */ = {isa = PBXFileReference; explicitFileType = wrapper.application; includeInIndex = 0; path = Tracker.app; sourceTree = BUILT_PRODUCTS_DIR; };
		37FD82E929CCAC7300EA9128 /* AppDelegate.swift */ = {isa = PBXFileReference; lastKnownFileType = sourcecode.swift; path = AppDelegate.swift; sourceTree = "<group>"; };
		37FD82EB29CCAC7300EA9128 /* SceneDelegate.swift */ = {isa = PBXFileReference; lastKnownFileType = sourcecode.swift; path = SceneDelegate.swift; sourceTree = "<group>"; };
		37FD82ED29CCAC7300EA9128 /* TrackersViewController.swift */ = {isa = PBXFileReference; lastKnownFileType = sourcecode.swift; path = TrackersViewController.swift; sourceTree = "<group>"; };
		37FD82F229CCAC7400EA9128 /* Assets.xcassets */ = {isa = PBXFileReference; lastKnownFileType = folder.assetcatalog; path = Assets.xcassets; sourceTree = "<group>"; };
		37FD82F729CCAC7400EA9128 /* Info.plist */ = {isa = PBXFileReference; lastKnownFileType = text.plist.xml; path = Info.plist; sourceTree = "<group>"; };
		37FD830229CCB6B600EA9128 /* FirstCollectionViewCell.swift */ = {isa = PBXFileReference; lastKnownFileType = sourcecode.swift; path = FirstCollectionViewCell.swift; sourceTree = "<group>"; };
		37FD830629CCB70800EA9128 /* ReuseIdentifier+Ext.swift */ = {isa = PBXFileReference; lastKnownFileType = sourcecode.swift; path = "ReuseIdentifier+Ext.swift"; sourceTree = "<group>"; };
/* End PBXFileReference section */

/* Begin PBXFrameworksBuildPhase section */
		37FD82E329CCAC7300EA9128 /* Frameworks */ = {
			isa = PBXFrameworksBuildPhase;
			buildActionMask = 2147483647;
			files = (
			);
			runOnlyForDeploymentPostprocessing = 0;
		};
/* End PBXFrameworksBuildPhase section */

/* Begin PBXGroup section */
		3754A13629D1892100AEFBD5 /* HabitScreen */ = {
			isa = PBXGroup;
			children = (
				378440A829D0BCD6001AE972 /* TrackerHabitViewController.swift */,
				3754A13829D189A100AEFBD5 /* HabitCell.swift */,
			);
			path = HabitScreen;
			sourceTree = "<group>";
		};
		3754A13729D1893400AEFBD5 /* SingleEvent */ = {
			isa = PBXGroup;
			children = (
				378440AA29D0BCE5001AE972 /* TrackerSingleEventViewController.swift */,
			);
			path = SingleEvent;
			sourceTree = "<group>";
		};
		37784D8A29CF2B3200505FFC /* TrackerModule */ = {
			isa = PBXGroup;
			children = (
				37784D8B29CF2B5D00505FFC /* TrackerCoordinator.swift */,
				37FD82ED29CCAC7300EA9128 /* TrackersViewController.swift */,
				3759225329CF7362004538BA /* TrackerSelectionViewController.swift */,
				3754A13629D1892100AEFBD5 /* HabitScreen */,
				3754A13729D1893400AEFBD5 /* SingleEvent */,
			);
			path = TrackerModule;
			sourceTree = "<group>";
		};
		37784D8D29CF2C2E00505FFC /* StatisticsModule */ = {
			isa = PBXGroup;
			children = (
				37784D8E29CF2C4000505FFC /* StatisticsCoordinator.swift */,
				37FB4AEA29CEF39A00EFD7D7 /* StatisticsViewController.swift */,
			);
			path = StatisticsModule;
			sourceTree = "<group>";
		};
		37784D9829CF427600505FFC /* Fonts */ = {
			isa = PBXGroup;
			children = (
				37784DA129CF4BD300505FFC /* YandexSansDisplay-Bold.ttf */,
				37784DA329CF4BEA00505FFC /* YandexSansDisplay-Regular.ttf */,
				37784DA529CF4BF500505FFC /* YandexSansText-Medium.ttf */,
				37784DA729CF4C4900505FFC /* CustomFonts.swift */,
			);
			path = Fonts;
			sourceTree = "<group>";
		};
		378440A229D0B274001AE972 /* CustomViews */ = {
			isa = PBXGroup;
			children = (
				378440A329D0B28F001AE972 /* CustomActionButton.swift */,
				378440B229D0D4DA001AE972 /* CustomDismissButton.swift */,
				3754A13A29D18A9500AEFBD5 /* CustomHeaderLabel.swift */,
			);
			path = CustomViews;
			sourceTree = "<group>";
		};
		378440A529D0BA56001AE972 /* Constants */ = {
			isa = PBXGroup;
			children = (
				378440A629D0BA63001AE972 /* Constants.swift */,
			);
			path = Constants;
			sourceTree = "<group>";
		};
		37C7E6A229CDBA3C002027E3 /* Coordinator */ = {
			isa = PBXGroup;
			children = (
				37C7E6A329CDBA54002027E3 /* MainCoordinator.swift */,
				37C7E6AD29CDC8C9002027E3 /* CoordinatorFactory.swift */,
				37784D8829CF289600505FFC /* ModulesFactory.swift */,
				3738E12629D033F300FB1B21 /* NavigationControllerFactory.swift */,
				37C7E6B129CDDA64002027E3 /* Router.swift */,
			);
			path = Coordinator;
			sourceTree = "<group>";
		};
		37C7E6AC29CDC6D0002027E3 /* App */ = {
			isa = PBXGroup;
			children = (
				37FD82E929CCAC7300EA9128 /* AppDelegate.swift */,
				37FD82EB29CCAC7300EA9128 /* SceneDelegate.swift */,
			);
			path = App;
			sourceTree = "<group>";
		};
		37C7E6B329CDDE2F002027E3 /* Modules */ = {
			isa = PBXGroup;
			children = (
				37C7E6B429CDDE58002027E3 /* SplashScreenModule */,
				37C7E6B729CDE571002027E3 /* MainScreenModule */,
			);
			path = Modules;
			sourceTree = "<group>";
		};
		37C7E6B429CDDE58002027E3 /* SplashScreenModule */ = {
			isa = PBXGroup;
			children = (
				37C7E6B529CDDF56002027E3 /* SplashScreenCoordinator.swift */,
				37C7E6AA29CDC434002027E3 /* SplashViewController.swift */,
			);
			path = SplashScreenModule;
			sourceTree = "<group>";
		};
		37C7E6B729CDE571002027E3 /* MainScreenModule */ = {
			isa = PBXGroup;
			children = (
				37C7E6B829CDE593002027E3 /* MainScreenCoordinator.swift */,
				37C7E6A629CDBE69002027E3 /* MainTabBarController.swift */,
				37784DA929CF4D5400505FFC /* MainTabBarItem.swift */,
				37784D8A29CF2B3200505FFC /* TrackerModule */,
				37784D8D29CF2C2E00505FFC /* StatisticsModule */,
			);
			path = MainScreenModule;
			sourceTree = "<group>";
		};
		37FD82DD29CCAC7300EA9128 = {
			isa = PBXGroup;
			children = (
				37FD82E829CCAC7300EA9128 /* Tracker */,
				37FD82E729CCAC7300EA9128 /* Products */,
			);
			sourceTree = "<group>";
		};
		37FD82E729CCAC7300EA9128 /* Products */ = {
			isa = PBXGroup;
			children = (
				37FD82E629CCAC7300EA9128 /* Tracker.app */,
			);
			name = Products;
			sourceTree = "<group>";
		};
		37FD82E829CCAC7300EA9128 /* Tracker */ = {
			isa = PBXGroup;
			children = (
				37C7E6AC29CDC6D0002027E3 /* App */,
				37C7E6A229CDBA3C002027E3 /* Coordinator */,
				37C7E6B329CDDE2F002027E3 /* Modules */,
				37FD82FD29CCB59900EA9128 /* Model */,
				37FD82FE29CCB59E00EA9128 /* View */,
				37FD82FF29CCB5A300EA9128 /* Controller */,
				37FD830429CCB6EC00EA9128 /* Helpers */,
				37FD82F229CCAC7400EA9128 /* Assets.xcassets */,
				37FD82F729CCAC7400EA9128 /* Info.plist */,
			);
			path = Tracker;
			sourceTree = "<group>";
		};
		37FD82FD29CCB59900EA9128 /* Model */ = {
			isa = PBXGroup;
			children = (
				37784D9029CF3A6C00505FFC /* Tracker.swift */,
				37784D9229CF3A7500505FFC /* TrackerCategory.swift */,
				37784D9429CF3A8000505FFC /* TrackerRecord.swift */,
			);
			path = Model;
			sourceTree = "<group>";
		};
		37FD82FE29CCB59E00EA9128 /* View */ = {
			isa = PBXGroup;
			children = (
				37FD830229CCB6B600EA9128 /* FirstCollectionViewCell.swift */,
			);
			path = View;
			sourceTree = "<group>";
		};
		37FD82FF29CCB5A300EA9128 /* Controller */ = {
			isa = PBXGroup;
			children = (
			);
			path = Controller;
			sourceTree = "<group>";
		};
		37FD830429CCB6EC00EA9128 /* Helpers */ = {
			isa = PBXGroup;
			children = (
				378440A529D0BA56001AE972 /* Constants */,
				378440A229D0B274001AE972 /* CustomViews */,
				37FD830529CCB6F700EA9128 /* Extensions */,
				37784D9829CF427600505FFC /* Fonts */,
			);
			path = Helpers;
			sourceTree = "<group>";
		};
		37FD830529CCB6F700EA9128 /* Extensions */ = {
			isa = PBXGroup;
			children = (
				37FD830629CCB70800EA9128 /* ReuseIdentifier+Ext.swift */,
				37C7E6A829CDC326002027E3 /* UIColor+Ext.swift */,
				3738E12429D024FE00FB1B21 /* UIViewController+Ext.swift */,
			);
			path = Extensions;
			sourceTree = "<group>";
		};
/* End PBXGroup section */

/* Begin PBXNativeTarget section */
		37FD82E529CCAC7300EA9128 /* Tracker */ = {
			isa = PBXNativeTarget;
			buildConfigurationList = 37FD82FA29CCAC7400EA9128 /* Build configuration list for PBXNativeTarget "Tracker" */;
			buildPhases = (
				37FD82E229CCAC7300EA9128 /* Sources */,
				37FD82E329CCAC7300EA9128 /* Frameworks */,
				37FD82E429CCAC7300EA9128 /* Resources */,
			);
			buildRules = (
			);
			dependencies = (
			);
			name = Tracker;
			productName = Tracker;
			productReference = 37FD82E629CCAC7300EA9128 /* Tracker.app */;
			productType = "com.apple.product-type.application";
		};
/* End PBXNativeTarget section */

/* Begin PBXProject section */
		37FD82DE29CCAC7300EA9128 /* Project object */ = {
			isa = PBXProject;
			attributes = {
				BuildIndependentTargetsInParallel = 1;
				LastSwiftUpdateCheck = 1420;
				LastUpgradeCheck = 1420;
				TargetAttributes = {
					37FD82E529CCAC7300EA9128 = {
						CreatedOnToolsVersion = 14.2;
					};
				};
			};
			buildConfigurationList = 37FD82E129CCAC7300EA9128 /* Build configuration list for PBXProject "Tracker" */;
			compatibilityVersion = "Xcode 14.0";
			developmentRegion = en;
			hasScannedForEncodings = 0;
			knownRegions = (
				en,
				Base,
			);
			mainGroup = 37FD82DD29CCAC7300EA9128;
			productRefGroup = 37FD82E729CCAC7300EA9128 /* Products */;
			projectDirPath = "";
			projectRoot = "";
			targets = (
				37FD82E529CCAC7300EA9128 /* Tracker */,
			);
		};
/* End PBXProject section */

/* Begin PBXResourcesBuildPhase section */
		37FD82E429CCAC7300EA9128 /* Resources */ = {
			isa = PBXResourcesBuildPhase;
			buildActionMask = 2147483647;
			files = (
				37784DA229CF4BD300505FFC /* YandexSansDisplay-Bold.ttf in Resources */,
				37FD82F329CCAC7400EA9128 /* Assets.xcassets in Resources */,
				37784DA629CF4BF500505FFC /* YandexSansText-Medium.ttf in Resources */,
				37784DA429CF4BEA00505FFC /* YandexSansDisplay-Regular.ttf in Resources */,
			);
			runOnlyForDeploymentPostprocessing = 0;
		};
/* End PBXResourcesBuildPhase section */

/* Begin PBXSourcesBuildPhase section */
		37FD82E229CCAC7300EA9128 /* Sources */ = {
			isa = PBXSourcesBuildPhase;
			buildActionMask = 2147483647;
			files = (
				37C7E6B229CDDA64002027E3 /* Router.swift in Sources */,
				3738E12729D033F300FB1B21 /* NavigationControllerFactory.swift in Sources */,
				378440AB29D0BCE5001AE972 /* TrackerSingleEventViewController.swift in Sources */,
				37C7E6AB29CDC434002027E3 /* SplashViewController.swift in Sources */,
				37FD82EE29CCAC7300EA9128 /* TrackersViewController.swift in Sources */,
				37784D8C29CF2B5D00505FFC /* TrackerCoordinator.swift in Sources */,
				3754A13929D189A100AEFBD5 /* HabitCell.swift in Sources */,
				37784DAA29CF4D5400505FFC /* MainTabBarItem.swift in Sources */,
				37C7E6B629CDDF56002027E3 /* SplashScreenCoordinator.swift in Sources */,
				37784D9529CF3A8000505FFC /* TrackerRecord.swift in Sources */,
				378440A929D0BCD6001AE972 /* TrackerHabitViewController.swift in Sources */,
				37FD82EA29CCAC7300EA9128 /* AppDelegate.swift in Sources */,
				37784D8F29CF2C4000505FFC /* StatisticsCoordinator.swift in Sources */,
				37C7E6A429CDBA54002027E3 /* MainCoordinator.swift in Sources */,
				37784DA829CF4C4900505FFC /* CustomFonts.swift in Sources */,
				37C7E6A729CDBE69002027E3 /* MainTabBarController.swift in Sources */,
				37FD82EC29CCAC7300EA9128 /* SceneDelegate.swift in Sources */,
				37784D9329CF3A7500505FFC /* TrackerCategory.swift in Sources */,
				3738E12529D024FE00FB1B21 /* UIViewController+Ext.swift in Sources */,
				37784D8929CF289600505FFC /* ModulesFactory.swift in Sources */,
				37C7E6A929CDC326002027E3 /* UIColor+Ext.swift in Sources */,
				37784D9129CF3A6C00505FFC /* Tracker.swift in Sources */,
				3754A13B29D18A9500AEFBD5 /* CustomHeaderLabel.swift in Sources */,
				378440B329D0D4DB001AE972 /* CustomDismissButton.swift in Sources */,
				37FD830729CCB70800EA9128 /* ReuseIdentifier+Ext.swift in Sources */,
				378440A429D0B28F001AE972 /* CustomActionButton.swift in Sources */,
				37FD830329CCB6B600EA9128 /* FirstCollectionViewCell.swift in Sources */,
				37C7E6B929CDE593002027E3 /* MainScreenCoordinator.swift in Sources */,
				37C7E6AE29CDC8C9002027E3 /* CoordinatorFactory.swift in Sources */,
				3759225429CF7362004538BA /* TrackerSelectionViewController.swift in Sources */,
				37FB4AEB29CEF39A00EFD7D7 /* StatisticsViewController.swift in Sources */,
				378440A729D0BA63001AE972 /* Constants.swift in Sources */,
			);
			runOnlyForDeploymentPostprocessing = 0;
		};
/* End PBXSourcesBuildPhase section */

/* Begin XCBuildConfiguration section */
		37FD82F829CCAC7400EA9128 /* Debug */ = {
			isa = XCBuildConfiguration;
			buildSettings = {
				ALWAYS_SEARCH_USER_PATHS = NO;
				CLANG_ANALYZER_NONNULL = YES;
				CLANG_ANALYZER_NUMBER_OBJECT_CONVERSION = YES_AGGRESSIVE;
				CLANG_CXX_LANGUAGE_STANDARD = "gnu++20";
				CLANG_ENABLE_MODULES = YES;
				CLANG_ENABLE_OBJC_ARC = YES;
				CLANG_ENABLE_OBJC_WEAK = YES;
				CLANG_WARN_BLOCK_CAPTURE_AUTORELEASING = YES;
				CLANG_WARN_BOOL_CONVERSION = YES;
				CLANG_WARN_COMMA = YES;
				CLANG_WARN_CONSTANT_CONVERSION = YES;
				CLANG_WARN_DEPRECATED_OBJC_IMPLEMENTATIONS = YES;
				CLANG_WARN_DIRECT_OBJC_ISA_USAGE = YES_ERROR;
				CLANG_WARN_DOCUMENTATION_COMMENTS = YES;
				CLANG_WARN_EMPTY_BODY = YES;
				CLANG_WARN_ENUM_CONVERSION = YES;
				CLANG_WARN_INFINITE_RECURSION = YES;
				CLANG_WARN_INT_CONVERSION = YES;
				CLANG_WARN_NON_LITERAL_NULL_CONVERSION = YES;
				CLANG_WARN_OBJC_IMPLICIT_RETAIN_SELF = YES;
				CLANG_WARN_OBJC_LITERAL_CONVERSION = YES;
				CLANG_WARN_OBJC_ROOT_CLASS = YES_ERROR;
				CLANG_WARN_QUOTED_INCLUDE_IN_FRAMEWORK_HEADER = YES;
				CLANG_WARN_RANGE_LOOP_ANALYSIS = YES;
				CLANG_WARN_STRICT_PROTOTYPES = YES;
				CLANG_WARN_SUSPICIOUS_MOVE = YES;
				CLANG_WARN_UNGUARDED_AVAILABILITY = YES_AGGRESSIVE;
				CLANG_WARN_UNREACHABLE_CODE = YES;
				CLANG_WARN__DUPLICATE_METHOD_MATCH = YES;
				COPY_PHASE_STRIP = NO;
				DEBUG_INFORMATION_FORMAT = dwarf;
				ENABLE_STRICT_OBJC_MSGSEND = YES;
				ENABLE_TESTABILITY = YES;
				GCC_C_LANGUAGE_STANDARD = gnu11;
				GCC_DYNAMIC_NO_PIC = NO;
				GCC_NO_COMMON_BLOCKS = YES;
				GCC_OPTIMIZATION_LEVEL = 0;
				GCC_PREPROCESSOR_DEFINITIONS = (
					"DEBUG=1",
					"$(inherited)",
				);
				GCC_WARN_64_TO_32_BIT_CONVERSION = YES;
				GCC_WARN_ABOUT_RETURN_TYPE = YES_ERROR;
				GCC_WARN_UNDECLARED_SELECTOR = YES;
				GCC_WARN_UNINITIALIZED_AUTOS = YES_AGGRESSIVE;
				GCC_WARN_UNUSED_FUNCTION = YES;
				GCC_WARN_UNUSED_VARIABLE = YES;
				IPHONEOS_DEPLOYMENT_TARGET = 16.2;
				MTL_ENABLE_DEBUG_INFO = INCLUDE_SOURCE;
				MTL_FAST_MATH = YES;
				ONLY_ACTIVE_ARCH = YES;
				SDKROOT = iphoneos;
				SWIFT_ACTIVE_COMPILATION_CONDITIONS = DEBUG;
				SWIFT_OPTIMIZATION_LEVEL = "-Onone";
			};
			name = Debug;
		};
		37FD82F929CCAC7400EA9128 /* Release */ = {
			isa = XCBuildConfiguration;
			buildSettings = {
				ALWAYS_SEARCH_USER_PATHS = NO;
				CLANG_ANALYZER_NONNULL = YES;
				CLANG_ANALYZER_NUMBER_OBJECT_CONVERSION = YES_AGGRESSIVE;
				CLANG_CXX_LANGUAGE_STANDARD = "gnu++20";
				CLANG_ENABLE_MODULES = YES;
				CLANG_ENABLE_OBJC_ARC = YES;
				CLANG_ENABLE_OBJC_WEAK = YES;
				CLANG_WARN_BLOCK_CAPTURE_AUTORELEASING = YES;
				CLANG_WARN_BOOL_CONVERSION = YES;
				CLANG_WARN_COMMA = YES;
				CLANG_WARN_CONSTANT_CONVERSION = YES;
				CLANG_WARN_DEPRECATED_OBJC_IMPLEMENTATIONS = YES;
				CLANG_WARN_DIRECT_OBJC_ISA_USAGE = YES_ERROR;
				CLANG_WARN_DOCUMENTATION_COMMENTS = YES;
				CLANG_WARN_EMPTY_BODY = YES;
				CLANG_WARN_ENUM_CONVERSION = YES;
				CLANG_WARN_INFINITE_RECURSION = YES;
				CLANG_WARN_INT_CONVERSION = YES;
				CLANG_WARN_NON_LITERAL_NULL_CONVERSION = YES;
				CLANG_WARN_OBJC_IMPLICIT_RETAIN_SELF = YES;
				CLANG_WARN_OBJC_LITERAL_CONVERSION = YES;
				CLANG_WARN_OBJC_ROOT_CLASS = YES_ERROR;
				CLANG_WARN_QUOTED_INCLUDE_IN_FRAMEWORK_HEADER = YES;
				CLANG_WARN_RANGE_LOOP_ANALYSIS = YES;
				CLANG_WARN_STRICT_PROTOTYPES = YES;
				CLANG_WARN_SUSPICIOUS_MOVE = YES;
				CLANG_WARN_UNGUARDED_AVAILABILITY = YES_AGGRESSIVE;
				CLANG_WARN_UNREACHABLE_CODE = YES;
				CLANG_WARN__DUPLICATE_METHOD_MATCH = YES;
				COPY_PHASE_STRIP = NO;
				DEBUG_INFORMATION_FORMAT = "dwarf-with-dsym";
				ENABLE_NS_ASSERTIONS = NO;
				ENABLE_STRICT_OBJC_MSGSEND = YES;
				GCC_C_LANGUAGE_STANDARD = gnu11;
				GCC_NO_COMMON_BLOCKS = YES;
				GCC_WARN_64_TO_32_BIT_CONVERSION = YES;
				GCC_WARN_ABOUT_RETURN_TYPE = YES_ERROR;
				GCC_WARN_UNDECLARED_SELECTOR = YES;
				GCC_WARN_UNINITIALIZED_AUTOS = YES_AGGRESSIVE;
				GCC_WARN_UNUSED_FUNCTION = YES;
				GCC_WARN_UNUSED_VARIABLE = YES;
				IPHONEOS_DEPLOYMENT_TARGET = 16.2;
				MTL_ENABLE_DEBUG_INFO = NO;
				MTL_FAST_MATH = YES;
				SDKROOT = iphoneos;
				SWIFT_COMPILATION_MODE = wholemodule;
				SWIFT_OPTIMIZATION_LEVEL = "-O";
				VALIDATE_PRODUCT = YES;
			};
			name = Release;
		};
		37FD82FB29CCAC7400EA9128 /* Debug */ = {
			isa = XCBuildConfiguration;
			buildSettings = {
				ASSETCATALOG_COMPILER_APPICON_NAME = AppIcon;
				ASSETCATALOG_COMPILER_GLOBAL_ACCENT_COLOR_NAME = AccentColor;
				CODE_SIGN_STYLE = Automatic;
				CURRENT_PROJECT_VERSION = 1;
				DEVELOPMENT_TEAM = 2U4V96C2NN;
				GENERATE_INFOPLIST_FILE = YES;
				INFOPLIST_FILE = Tracker/Info.plist;
				INFOPLIST_KEY_UIApplicationSupportsIndirectInputEvents = YES;
				INFOPLIST_KEY_UILaunchStoryboardName = LaunchScreen;
				INFOPLIST_KEY_UISupportedInterfaceOrientations_iPad = "UIInterfaceOrientationPortrait UIInterfaceOrientationPortraitUpsideDown UIInterfaceOrientationLandscapeLeft UIInterfaceOrientationLandscapeRight";
				INFOPLIST_KEY_UISupportedInterfaceOrientations_iPhone = "UIInterfaceOrientationPortrait UIInterfaceOrientationLandscapeLeft UIInterfaceOrientationLandscapeRight";
				IPHONEOS_DEPLOYMENT_TARGET = 13.4;
				LD_RUNPATH_SEARCH_PATHS = (
					"$(inherited)",
					"@executable_path/Frameworks",
				);
				MARKETING_VERSION = 1.0;
				PRODUCT_BUNDLE_IDENTIFIER = ru.aleksandreliseev.Tracker;
				PRODUCT_NAME = "$(TARGET_NAME)";
				SUPPORTED_PLATFORMS = "iphoneos iphonesimulator";
				SUPPORTS_MACCATALYST = NO;
				SUPPORTS_MAC_DESIGNED_FOR_IPHONE_IPAD = NO;
				SWIFT_EMIT_LOC_STRINGS = YES;
				SWIFT_VERSION = 5.0;
				TARGETED_DEVICE_FAMILY = "1,2";
			};
			name = Debug;
		};
		37FD82FC29CCAC7400EA9128 /* Release */ = {
			isa = XCBuildConfiguration;
			buildSettings = {
				ASSETCATALOG_COMPILER_APPICON_NAME = AppIcon;
				ASSETCATALOG_COMPILER_GLOBAL_ACCENT_COLOR_NAME = AccentColor;
				CODE_SIGN_STYLE = Automatic;
				CURRENT_PROJECT_VERSION = 1;
				DEVELOPMENT_TEAM = 2U4V96C2NN;
				GENERATE_INFOPLIST_FILE = YES;
				INFOPLIST_FILE = Tracker/Info.plist;
				INFOPLIST_KEY_UIApplicationSupportsIndirectInputEvents = YES;
				INFOPLIST_KEY_UILaunchStoryboardName = LaunchScreen;
				INFOPLIST_KEY_UISupportedInterfaceOrientations_iPad = "UIInterfaceOrientationPortrait UIInterfaceOrientationPortraitUpsideDown UIInterfaceOrientationLandscapeLeft UIInterfaceOrientationLandscapeRight";
				INFOPLIST_KEY_UISupportedInterfaceOrientations_iPhone = "UIInterfaceOrientationPortrait UIInterfaceOrientationLandscapeLeft UIInterfaceOrientationLandscapeRight";
				IPHONEOS_DEPLOYMENT_TARGET = 13.4;
				LD_RUNPATH_SEARCH_PATHS = (
					"$(inherited)",
					"@executable_path/Frameworks",
				);
				MARKETING_VERSION = 1.0;
				PRODUCT_BUNDLE_IDENTIFIER = ru.aleksandreliseev.Tracker;
				PRODUCT_NAME = "$(TARGET_NAME)";
				SUPPORTED_PLATFORMS = "iphoneos iphonesimulator";
				SUPPORTS_MACCATALYST = NO;
				SUPPORTS_MAC_DESIGNED_FOR_IPHONE_IPAD = NO;
				SWIFT_EMIT_LOC_STRINGS = YES;
				SWIFT_VERSION = 5.0;
				TARGETED_DEVICE_FAMILY = "1,2";
			};
			name = Release;
		};
/* End XCBuildConfiguration section */

/* Begin XCConfigurationList section */
		37FD82E129CCAC7300EA9128 /* Build configuration list for PBXProject "Tracker" */ = {
			isa = XCConfigurationList;
			buildConfigurations = (
				37FD82F829CCAC7400EA9128 /* Debug */,
				37FD82F929CCAC7400EA9128 /* Release */,
			);
			defaultConfigurationIsVisible = 0;
			defaultConfigurationName = Release;
		};
		37FD82FA29CCAC7400EA9128 /* Build configuration list for PBXNativeTarget "Tracker" */ = {
			isa = XCConfigurationList;
			buildConfigurations = (
				37FD82FB29CCAC7400EA9128 /* Debug */,
				37FD82FC29CCAC7400EA9128 /* Release */,
			);
			defaultConfigurationIsVisible = 0;
			defaultConfigurationName = Release;
		};
/* End XCConfigurationList section */
	};
	rootObject = 37FD82DE29CCAC7300EA9128 /* Project object */;
}
